
Microsoft Visual Studio Solution File, Format Version 12.00
# Visual Studio 15
VisualStudioVersion = 15.0.26228.9
MinimumVisualStudioVersion = 10.0.40219.1
Project("{FAE04EC0-301F-11D3-BF4B-00C04F79EFBC}") = "DrNadaTreasureLand", "DrNadaTreasureLand\DrNadaTreasureLand.csproj", "{ED071A4B-0C5F-4DC6-BC43-B939707BF599}"
EndProject
Project("{FAE04EC0-301F-11D3-BF4B-00C04F79EFBC}") = "TreasuresLand", "..\TreasuresLand\TreasuresLand\TreasuresLand.csproj", "{886D373C-8F7D-49BB-8172-A833A5E2DD84}"
EndProject
Global
	GlobalSection(SolutionConfigurationPlatforms) = preSolution
		Debug|Any CPU = Debug|Any CPU
		Release|Any CPU = Release|Any CPU
	EndGlobalSection
	GlobalSection(ProjectConfigurationPlatforms) = postSolution
		{ED071A4B-0C5F-4DC6-BC43-B939707BF599}.Debug|Any CPU.ActiveCfg = Debug|Any CPU
		{ED071A4B-0C5F-4DC6-BC43-B939707BF599}.Debug|Any CPU.Build.0 = Debug|Any CPU
		{ED071A4B-0C5F-4DC6-BC43-B939707BF599}.Release|Any CPU.ActiveCfg = Release|Any CPU
		{ED071A4B-0C5F-4DC6-BC43-B939707BF599}.Release|Any CPU.Build.0 = Release|Any CPU
		{886D373C-8F7D-49BB-8172-A833A5E2DD84}.Debug|Any CPU.ActiveCfg = Debug|Any CPU
		{886D373C-8F7D-49BB-8172-A833A5E2DD84}.Debug|Any CPU.Build.0 = Debug|Any CPU
		{886D373C-8F7D-49BB-8172-A833A5E2DD84}.Release|Any CPU.ActiveCfg = Release|Any CPU
		{886D373C-8F7D-49BB-8172-A833A5E2DD84}.Release|Any CPU.Build.0 = Release|Any CPU
	EndGlobalSection
	GlobalSection(SolutionProperties) = preSolution
		HideSolutionNode = FALSE
	EndGlobalSection
EndGlobal
